
Microsoft Visual Studio Solution File, Format Version 12.00
# Visual Studio Version 17
VisualStudioVersion = 17.0.31903.59
MinimumVisualStudioVersion = 10.0.40219.1
Project("{FAE04EC0-301F-11D3-BF4B-00C04F79EFBC}") = "PaperUniverse.Core", "PaperUniverse.Core\PaperUniverse.Core.csproj", "{9D75B0B0-8E31-4BAB-89F0-E04BC17F5E8D}"
EndProject
Project("{FAE04EC0-301F-11D3-BF4B-00C04F79EFBC}") = "PaperUniverse.Infra", "PaperUniverse.Infra\PaperUniverse.Infra.csproj", "{B9D9DFC8-955C-4534-BA06-BF5BC7B31D61}"
EndProject
Project("{FAE04EC0-301F-11D3-BF4B-00C04F79EFBC}") = "PaperUniverse.Tests", "PaperUniverse.Tests\PaperUniverse.Tests.csproj", "{4992A873-3C9A-4B2D-BD95-3DE7590BCB2F}"
EndProject
Global
	GlobalSection(SolutionConfigurationPlatforms) = preSolution
		Debug|Any CPU = Debug|Any CPU
		Release|Any CPU = Release|Any CPU
	EndGlobalSection
	GlobalSection(SolutionProperties) = preSolution
		HideSolutionNode = FALSE
	EndGlobalSection
	GlobalSection(ProjectConfigurationPlatforms) = postSolution
		{9D75B0B0-8E31-4BAB-89F0-E04BC17F5E8D}.Debug|Any CPU.ActiveCfg = Debug|Any CPU
		{9D75B0B0-8E31-4BAB-89F0-E04BC17F5E8D}.Debug|Any CPU.Build.0 = Debug|Any CPU
		{9D75B0B0-8E31-4BAB-89F0-E04BC17F5E8D}.Release|Any CPU.ActiveCfg = Release|Any CPU
		{9D75B0B0-8E31-4BAB-89F0-E04BC17F5E8D}.Release|Any CPU.Build.0 = Release|Any CPU
		{B9D9DFC8-955C-4534-BA06-BF5BC7B31D61}.Debug|Any CPU.ActiveCfg = Debug|Any CPU
		{B9D9DFC8-955C-4534-BA06-BF5BC7B31D61}.Debug|Any CPU.Build.0 = Debug|Any CPU
		{B9D9DFC8-955C-4534-BA06-BF5BC7B31D61}.Release|Any CPU.ActiveCfg = Release|Any CPU
		{B9D9DFC8-955C-4534-BA06-BF5BC7B31D61}.Release|Any CPU.Build.0 = Release|Any CPU
		{4992A873-3C9A-4B2D-BD95-3DE7590BCB2F}.Debug|Any CPU.ActiveCfg = Debug|Any CPU
		{4992A873-3C9A-4B2D-BD95-3DE7590BCB2F}.Debug|Any CPU.Build.0 = Debug|Any CPU
		{4992A873-3C9A-4B2D-BD95-3DE7590BCB2F}.Release|Any CPU.ActiveCfg = Release|Any CPU
		{4992A873-3C9A-4B2D-BD95-3DE7590BCB2F}.Release|Any CPU.Build.0 = Release|Any CPU
	EndGlobalSection
EndGlobal
